
Microsoft Visual Studio Solution File, Format Version 12.00
# Visual Studio Version 16
VisualStudioVersion = 16.0.31515.178
MinimumVisualStudioVersion = 10.0.40219.1
Project("{FAE04EC0-301F-11D3-BF4B-00C04F79EFBC}") = "ProductShopOOP", "ProductShopOOP\ProductShopOOP.csproj", "{F337E5D1-D3BE-497E-AC0B-BD6F9304C214}"
EndProject
Global
	GlobalSection(SolutionConfigurationPlatforms) = preSolution
		Debug|Any CPU = Debug|Any CPU
		Release|Any CPU = Release|Any CPU
	EndGlobalSection
	GlobalSection(ProjectConfigurationPlatforms) = postSolution
		{F337E5D1-D3BE-497E-AC0B-BD6F9304C214}.Debug|Any CPU.ActiveCfg = Debug|Any CPU
		{F337E5D1-D3BE-497E-AC0B-BD6F9304C214}.Debug|Any CPU.Build.0 = Debug|Any CPU
		{F337E5D1-D3BE-497E-AC0B-BD6F9304C214}.Release|Any CPU.ActiveCfg = Release|Any CPU
		{F337E5D1-D3BE-497E-AC0B-BD6F9304C214}.Release|Any CPU.Build.0 = Release|Any CPU
	EndGlobalSection
	GlobalSection(SolutionProperties) = preSolution
		HideSolutionNode = FALSE
	EndGlobalSection
	GlobalSection(ExtensibilityGlobals) = postSolution
		SolutionGuid = {9DA9A970-02EC-4A69-92E5-4BF1F4CDCC9C}
	EndGlobalSection
EndGlobal
